
Microsoft Visual Studio Solution File, Format Version 12.00
# Visual Studio 15
VisualStudioVersion = 15.0.28307.902
MinimumVisualStudioVersion = 10.0.40219.1
Project("{8BC9CEB8-8B4A-11D0-8D11-00A0C91BC942}") = "game-server-study", "game-server-study\game-server-study.vcxproj", "{87FC46B0-92B7-4A29-ADB5-FA04FCA08EBB}"
EndProject
Global
	GlobalSection(SolutionConfigurationPlatforms) = preSolution
		Debug|x64 = Debug|x64
		Debug|x86 = Debug|x86
		Release|x64 = Release|x64
		Release|x86 = Release|x86
	EndGlobalSection
	GlobalSection(ProjectConfigurationPlatforms) = postSolution
		{87FC46B0-92B7-4A29-ADB5-FA04FCA08EBB}.Debug|x64.ActiveCfg = Debug|x64
		{87FC46B0-92B7-4A29-ADB5-FA04FCA08EBB}.Debug|x64.Build.0 = Debug|x64
		{87FC46B0-92B7-4A29-ADB5-FA04FCA08EBB}.Debug|x86.ActiveCfg = Debug|Win32
		{87FC46B0-92B7-4A29-ADB5-FA04FCA08EBB}.Debug|x86.Build.0 = Debug|Win32
		{87FC46B0-92B7-4A29-ADB5-FA04FCA08EBB}.Release|x64.ActiveCfg = Release|x64
		{87FC46B0-92B7-4A29-ADB5-FA04FCA08EBB}.Release|x64.Build.0 = Release|x64
		{87FC46B0-92B7-4A29-ADB5-FA04FCA08EBB}.Release|x86.ActiveCfg = Release|Win32
		{87FC46B0-92B7-4A29-ADB5-FA04FCA08EBB}.Release|x86.Build.0 = Release|Win32
	EndGlobalSection
	GlobalSection(SolutionProperties) = preSolution
		HideSolutionNode = FALSE
	EndGlobalSection
	GlobalSection(ExtensibilityGlobals) = postSolution
		SolutionGuid = {2045F15D-D81E-46EF-95CD-5574F9D6B103}
	EndGlobalSection
EndGlobal
