<?xml version="1.0" encoding="utf-8"?>
<Project ToolsVersion="4.0" xmlns="http://schemas.microsoft.com/developer/msbuild/2003">
  <ItemGroup>
    <Filter Include="소스 파일">
      <UniqueIdentifier>{4FC737F1-C7A5-4376-A066-2A32D752A2FF}</UniqueIdentifier>
      <Extensions>cpp;c;cc;cxx;def;odl;idl;hpj;bat;asm;asmx</Extensions>
    </Filter>
    <Filter Include="소스 파일\멀티쓰레딩">
      <UniqueIdentifier>{f7d60964-b29e-478d-ab2f-206ec6379635}</UniqueIdentifier>
    </Filter>
  </ItemGroup>
  <ItemGroup>
    <ClCompile Include="Clock.cpp">
      <Filter>소스 파일</Filter>
    </ClCompile>
    <ClCompile Include="1_호출스택.cpp">
      <Filter>소스 파일\멀티쓰레딩</Filter>
    </ClCompile>
    <ClCompile Include="2_쓰레드의효율성.cpp">
      <Filter>소스 파일\멀티쓰레딩</Filter>
    </ClCompile>
    <ClCompile Include="3_교착상태.cpp">
      <Filter>소스 파일\멀티쓰레딩</Filter>
    </ClCompile>
    <ClCompile Include="4_잠금순서의 규칙.cpp">
      <Filter>소스 파일\멀티쓰레딩</Filter>
    </ClCompile>
    <ClCompile Include="5_병목현상 구현.cpp">
      <Filter>소스 파일\멀티쓰레딩</Filter>
    </ClCompile>
    <ClCompile Include="6_이벤트.cpp">
      <Filter>소스 파일\멀티쓰레딩</Filter>
    </ClCompile>
    <ClCompile Include="7_조건변수 사용하기.cpp">
      <Filter>소스 파일\멀티쓰레딩</Filter>
    </ClCompile>
    <ClCompile Include="8_세마포어.cpp">
      <Filter>소스 파일\멀티쓰레딩</Filter>
    </ClCompile>
    <ClCompile Include="9_세마포어 구현.cpp">
      <Filter>소스 파일\멀티쓰레딩</Filter>
    </ClCompile>
    <ClCompile Include="10_원자조작.cpp">
      <Filter>소스 파일\멀티쓰레딩</Filter>
    </ClCompile>
  </ItemGroup>
  <ItemGroup>
    <ClInclude Include="Clock.h">
      <Filter>소스 파일</Filter>
    </ClInclude>
  </ItemGroup>
</Project>